// !$*UTF8*$!
{
	archiveVersion = 1;
	classes = {
	};
	objectVersion = 54;
	objects = {

/* Begin PBXBuildFile section */
		1205659DECDE9C1F0F90D5D6 /* Pods_Pull_To_Refresh_Demo.framework in Frameworks */ = {isa = PBXBuildFile; fileRef = 1CEC23AB2A6FD521CAD011E7 /* Pods_Pull_To_Refresh_Demo.framework */; };
		98B20EF52B453D55005A0577 /* UserCollectionViewCell.swift in Sources */ = {isa = PBXBuildFile; fileRef = 98B20EF32B453D55005A0577 /* UserCollectionViewCell.swift */; };
		98B20EF62B453D55005A0577 /* UserCollectionViewCell.xib in Resources */ = {isa = PBXBuildFile; fileRef = 98B20EF42B453D55005A0577 /* UserCollectionViewCell.xib */; };
		98B20EF82B4558CC005A0577 /* HorizontalCollectionViewController.swift in Sources */ = {isa = PBXBuildFile; fileRef = 98B20EF72B4558CC005A0577 /* HorizontalCollectionViewController.swift */; };
		C01A6B7D2A1363FD00A2D1D8 /* ProgrammaticUsersViewModelController.swift in Sources */ = {isa = PBXBuildFile; fileRef = C01A6B7C2A1363FD00A2D1D8 /* ProgrammaticUsersViewModelController.swift */; };
		C0A2702425D5656700363622 /* CAKeyframeAnimation+Extensions.swift in Sources */ = {isa = PBXBuildFile; fileRef = C0A2701625D5656700363622 /* CAKeyframeAnimation+Extensions.swift */; };
		C0A2702525D5656700363622 /* CookingRefresher.xcassets in Resources */ = {isa = PBXBuildFile; fileRef = C0A2701825D5656700363622 /* CookingRefresher.xcassets */; };
		C0A2702625D5656700363622 /* pea-from-left-path-only.svg in Resources */ = {isa = PBXBuildFile; fileRef = C0A2701925D5656700363622 /* pea-from-left-path-only.svg */; };
		C0A2702725D5656700363622 /* carrot-path-only.svg in Resources */ = {isa = PBXBuildFile; fileRef = C0A2701A25D5656700363622 /* carrot-path-only.svg */; };
		C0A2702825D5656700363622 /* SoupView.xib in Resources */ = {isa = PBXBuildFile; fileRef = C0A2701B25D5656700363622 /* SoupView.xib */; };
		C0A2702925D5656700363622 /* pea-from-right-path-only.svg in Resources */ = {isa = PBXBuildFile; fileRef = C0A2701C25D5656700363622 /* pea-from-right-path-only.svg */; };
		C0A2702A25D5656700363622 /* potato-path-only.svg in Resources */ = {isa = PBXBuildFile; fileRef = C0A2701D25D5656700363622 /* potato-path-only.svg */; };
		C0A2702B25D5656700363622 /* cover-path-only.svg in Resources */ = {isa = PBXBuildFile; fileRef = C0A2701E25D5656700363622 /* cover-path-only.svg */; };
		C0A2702C25D5656700363622 /* PullToMakeSoup.swift in Sources */ = {isa = PBXBuildFile; fileRef = C0A2701F25D5656700363622 /* PullToMakeSoup.swift */; };
		C0A2702D25D5656700363622 /* PocketSVG.m in Sources */ = {isa = PBXBuildFile; fileRef = C0A2702225D5656700363622 /* PocketSVG.m */; };
		C0A2702E25D5656700363622 /* PocketSVG+Extension.swift in Sources */ = {isa = PBXBuildFile; fileRef = C0A2702325D5656700363622 /* PocketSVG+Extension.swift */; };
		C0B61D3125DE7C3E00D4F126 /* PreloadActivityIndicatorView.swift in Sources */ = {isa = PBXBuildFile; fileRef = C0B61D3025DE7C3E00D4F126 /* PreloadActivityIndicatorView.swift */; };
		C0C12E2825D11D5300140363 /* AppDelegate.swift in Sources */ = {isa = PBXBuildFile; fileRef = C0C12E2725D11D5300140363 /* AppDelegate.swift */; };
		C0C12E2A25D11D5300140363 /* SceneDelegate.swift in Sources */ = {isa = PBXBuildFile; fileRef = C0C12E2925D11D5300140363 /* SceneDelegate.swift */; };
		C0C12E2F25D11D5300140363 /* Main.storyboard in Resources */ = {isa = PBXBuildFile; fileRef = C0C12E2D25D11D5300140363 /* Main.storyboard */; };
		C0C12E3125D11D5300140363 /* Assets.xcassets in Resources */ = {isa = PBXBuildFile; fileRef = C0C12E3025D11D5300140363 /* Assets.xcassets */; };
		C0C12E3425D11D5300140363 /* LaunchScreen.storyboard in Resources */ = {isa = PBXBuildFile; fileRef = C0C12E3225D11D5300140363 /* LaunchScreen.storyboard */; };
		C0C12E5825D11DD600140363 /* Users.json in Resources */ = {isa = PBXBuildFile; fileRef = C0C12E5425D11DD600140363 /* Users.json */; };
		C0C12E5925D11DD600140363 /* Colors.json in Resources */ = {isa = PBXBuildFile; fileRef = C0C12E5525D11DD600140363 /* Colors.json */; };
		C0C12E5A25D11DD600140363 /* IQAPIClient+User.swift in Sources */ = {isa = PBXBuildFile; fileRef = C0C12E5625D11DD600140363 /* IQAPIClient+User.swift */; };
		C0C12E5B25D11DD600140363 /* IQAPIClient+APIPath.swift in Sources */ = {isa = PBXBuildFile; fileRef = C0C12E5725D11DD600140363 /* IQAPIClient+APIPath.swift */; };
		C0C12E5F25D11DDA00140363 /* UserCell.swift in Sources */ = {isa = PBXBuildFile; fileRef = C0C12E5E25D11DDA00140363 /* UserCell.swift */; };
		C0C12E6325D11DDD00140363 /* User.swift in Sources */ = {isa = PBXBuildFile; fileRef = C0C12E6225D11DDD00140363 /* User.swift */; };
		C0C12E7025D11F5100140363 /* UsersViewController.swift in Sources */ = {isa = PBXBuildFile; fileRef = C0C12E6F25D11F5100140363 /* UsersViewController.swift */; };
		C0C12E9B25D1210700140363 /* UserCell.xib in Resources */ = {isa = PBXBuildFile; fileRef = C0C12E9A25D1210700140363 /* UserCell.xib */; };
		C0C12EE825D153DB00140363 /* ProgressPullToRefresh.swift in Sources */ = {isa = PBXBuildFile; fileRef = C0C12EE725D153DB00140363 /* ProgressPullToRefresh.swift */; };
		C0D1619B25D3B66C0045BF5C /* CustomPullToRefresh.swift in Sources */ = {isa = PBXBuildFile; fileRef = C0D1619A25D3B66C0045BF5C /* CustomPullToRefresh.swift */; };
		C0FD98DD2977FFBC00420D64 /* UsersStore.swift in Sources */ = {isa = PBXBuildFile; fileRef = C0FD98DC2977FFBC00420D64 /* UsersStore.swift */; };
		C0FD98E129780A5000420D64 /* UsersViewModelController.swift in Sources */ = {isa = PBXBuildFile; fileRef = C0FD98E029780A5000420D64 /* UsersViewModelController.swift */; };
/* End PBXBuildFile section */

/* Begin PBXFileReference section */
		1CEC23AB2A6FD521CAD011E7 /* Pods_Pull_To_Refresh_Demo.framework */ = {isa = PBXFileReference; explicitFileType = wrapper.framework; includeInIndex = 0; path = Pods_Pull_To_Refresh_Demo.framework; sourceTree = BUILT_PRODUCTS_DIR; };
		7B487378FCBB92DCC128E71A /* Pods-Pull To Refresh Demo.release.xcconfig */ = {isa = PBXFileReference; includeInIndex = 1; lastKnownFileType = text.xcconfig; name = "Pods-Pull To Refresh Demo.release.xcconfig"; path = "Target Support Files/Pods-Pull To Refresh Demo/Pods-Pull To Refresh Demo.release.xcconfig"; sourceTree = "<group>"; };
		98B20EF32B453D55005A0577 /* UserCollectionViewCell.swift */ = {isa = PBXFileReference; lastKnownFileType = sourcecode.swift; path = UserCollectionViewCell.swift; sourceTree = "<group>"; };
		98B20EF42B453D55005A0577 /* UserCollectionViewCell.xib */ = {isa = PBXFileReference; lastKnownFileType = file.xib; path = UserCollectionViewCell.xib; sourceTree = "<group>"; };
		98B20EF72B4558CC005A0577 /* HorizontalCollectionViewController.swift */ = {isa = PBXFileReference; lastKnownFileType = sourcecode.swift; path = HorizontalCollectionViewController.swift; sourceTree = "<group>"; };
		BF6BC0D7A19B454002BE4590 /* Pods-Pull To Refresh Demo.debug.xcconfig */ = {isa = PBXFileReference; includeInIndex = 1; lastKnownFileType = text.xcconfig; name = "Pods-Pull To Refresh Demo.debug.xcconfig"; path = "Target Support Files/Pods-Pull To Refresh Demo/Pods-Pull To Refresh Demo.debug.xcconfig"; sourceTree = "<group>"; };
		C01A6B7C2A1363FD00A2D1D8 /* ProgrammaticUsersViewModelController.swift */ = {isa = PBXFileReference; lastKnownFileType = sourcecode.swift; path = ProgrammaticUsersViewModelController.swift; sourceTree = "<group>"; };
		C0A2701625D5656700363622 /* CAKeyframeAnimation+Extensions.swift */ = {isa = PBXFileReference; fileEncoding = 4; lastKnownFileType = sourcecode.swift; path = "CAKeyframeAnimation+Extensions.swift"; sourceTree = "<group>"; };
		C0A2701825D5656700363622 /* CookingRefresher.xcassets */ = {isa = PBXFileReference; lastKnownFileType = folder.assetcatalog; path = CookingRefresher.xcassets; sourceTree = "<group>"; };
		C0A2701925D5656700363622 /* pea-from-left-path-only.svg */ = {isa = PBXFileReference; fileEncoding = 4; lastKnownFileType = text.xml; path = "pea-from-left-path-only.svg"; sourceTree = "<group>"; };
		C0A2701A25D5656700363622 /* carrot-path-only.svg */ = {isa = PBXFileReference; fileEncoding = 4; lastKnownFileType = text.xml; path = "carrot-path-only.svg"; sourceTree = "<group>"; };
		C0A2701B25D5656700363622 /* SoupView.xib */ = {isa = PBXFileReference; fileEncoding = 4; lastKnownFileType = file.xib; path = SoupView.xib; sourceTree = "<group>"; };
		C0A2701C25D5656700363622 /* pea-from-right-path-only.svg */ = {isa = PBXFileReference; fileEncoding = 4; lastKnownFileType = text.xml; path = "pea-from-right-path-only.svg"; sourceTree = "<group>"; };
		C0A2701D25D5656700363622 /* potato-path-only.svg */ = {isa = PBXFileReference; fileEncoding = 4; lastKnownFileType = text.xml; path = "potato-path-only.svg"; sourceTree = "<group>"; };
		C0A2701E25D5656700363622 /* cover-path-only.svg */ = {isa = PBXFileReference; fileEncoding = 4; lastKnownFileType = text.xml; path = "cover-path-only.svg"; sourceTree = "<group>"; };
		C0A2701F25D5656700363622 /* PullToMakeSoup.swift */ = {isa = PBXFileReference; fileEncoding = 4; lastKnownFileType = sourcecode.swift; path = PullToMakeSoup.swift; sourceTree = "<group>"; };
		C0A2702125D5656700363622 /* PocketSVG.h */ = {isa = PBXFileReference; fileEncoding = 4; lastKnownFileType = sourcecode.c.h; path = PocketSVG.h; sourceTree = "<group>"; };
		C0A2702225D5656700363622 /* PocketSVG.m */ = {isa = PBXFileReference; fileEncoding = 4; lastKnownFileType = sourcecode.c.objc; path = PocketSVG.m; sourceTree = "<group>"; };
		C0A2702325D5656700363622 /* PocketSVG+Extension.swift */ = {isa = PBXFileReference; fileEncoding = 4; lastKnownFileType = sourcecode.swift; path = "PocketSVG+Extension.swift"; sourceTree = "<group>"; };
		C0A2703525D568C000363622 /* Pull_To_Refresh_Demo-Bridging-Header.h */ = {isa = PBXFileReference; lastKnownFileType = sourcecode.c.h; path = "Pull_To_Refresh_Demo-Bridging-Header.h"; sourceTree = SOURCE_ROOT; };
		C0B61D3025DE7C3E00D4F126 /* PreloadActivityIndicatorView.swift */ = {isa = PBXFileReference; lastKnownFileType = sourcecode.swift; path = PreloadActivityIndicatorView.swift; sourceTree = "<group>"; };
		C0C12E2425D11D5300140363 /* Pull To Refresh Demo.app */ = {isa = PBXFileReference; explicitFileType = wrapper.application; includeInIndex = 0; path = "Pull To Refresh Demo.app"; sourceTree = BUILT_PRODUCTS_DIR; };
		C0C12E2725D11D5300140363 /* AppDelegate.swift */ = {isa = PBXFileReference; lastKnownFileType = sourcecode.swift; path = AppDelegate.swift; sourceTree = "<group>"; };
		C0C12E2925D11D5300140363 /* SceneDelegate.swift */ = {isa = PBXFileReference; lastKnownFileType = sourcecode.swift; path = SceneDelegate.swift; sourceTree = "<group>"; };
		C0C12E2E25D11D5300140363 /* Base */ = {isa = PBXFileReference; lastKnownFileType = file.storyboard; name = Base; path = Base.lproj/Main.storyboard; sourceTree = "<group>"; };
		C0C12E3025D11D5300140363 /* Assets.xcassets */ = {isa = PBXFileReference; lastKnownFileType = folder.assetcatalog; path = Assets.xcassets; sourceTree = "<group>"; };
		C0C12E3325D11D5300140363 /* Base */ = {isa = PBXFileReference; lastKnownFileType = file.storyboard; name = Base; path = Base.lproj/LaunchScreen.storyboard; sourceTree = "<group>"; };
		C0C12E3525D11D5300140363 /* Info.plist */ = {isa = PBXFileReference; lastKnownFileType = text.plist.xml; path = Info.plist; sourceTree = "<group>"; };
		C0C12E5425D11DD600140363 /* Users.json */ = {isa = PBXFileReference; fileEncoding = 4; lastKnownFileType = text.json; path = Users.json; sourceTree = "<group>"; };
		C0C12E5525D11DD600140363 /* Colors.json */ = {isa = PBXFileReference; fileEncoding = 4; lastKnownFileType = text.json; path = Colors.json; sourceTree = "<group>"; };
		C0C12E5625D11DD600140363 /* IQAPIClient+User.swift */ = {isa = PBXFileReference; fileEncoding = 4; lastKnownFileType = sourcecode.swift; path = "IQAPIClient+User.swift"; sourceTree = "<group>"; };
		C0C12E5725D11DD600140363 /* IQAPIClient+APIPath.swift */ = {isa = PBXFileReference; fileEncoding = 4; lastKnownFileType = sourcecode.swift; path = "IQAPIClient+APIPath.swift"; sourceTree = "<group>"; };
		C0C12E5E25D11DDA00140363 /* UserCell.swift */ = {isa = PBXFileReference; fileEncoding = 4; lastKnownFileType = sourcecode.swift; path = UserCell.swift; sourceTree = "<group>"; };
		C0C12E6225D11DDD00140363 /* User.swift */ = {isa = PBXFileReference; fileEncoding = 4; lastKnownFileType = sourcecode.swift; path = User.swift; sourceTree = "<group>"; };
		C0C12E6F25D11F5100140363 /* UsersViewController.swift */ = {isa = PBXFileReference; fileEncoding = 4; lastKnownFileType = sourcecode.swift; path = UsersViewController.swift; sourceTree = "<group>"; };
		C0C12E9A25D1210700140363 /* UserCell.xib */ = {isa = PBXFileReference; lastKnownFileType = file.xib; path = UserCell.xib; sourceTree = "<group>"; };
		C0C12EE725D153DB00140363 /* ProgressPullToRefresh.swift */ = {isa = PBXFileReference; lastKnownFileType = sourcecode.swift; path = ProgressPullToRefresh.swift; sourceTree = "<group>"; };
		C0D1619A25D3B66C0045BF5C /* CustomPullToRefresh.swift */ = {isa = PBXFileReference; lastKnownFileType = sourcecode.swift; path = CustomPullToRefresh.swift; sourceTree = "<group>"; };
		C0FD98DC2977FFBC00420D64 /* UsersStore.swift */ = {isa = PBXFileReference; lastKnownFileType = sourcecode.swift; path = UsersStore.swift; sourceTree = "<group>"; };
		C0FD98E029780A5000420D64 /* UsersViewModelController.swift */ = {isa = PBXFileReference; lastKnownFileType = sourcecode.swift; path = UsersViewModelController.swift; sourceTree = "<group>"; };
/* End PBXFileReference section */

/* Begin PBXFrameworksBuildPhase section */
		C0C12E2125D11D5200140363 /* Frameworks */ = {
			isa = PBXFrameworksBuildPhase;
			buildActionMask = 2147483647;
			files = (
				1205659DECDE9C1F0F90D5D6 /* Pods_Pull_To_Refresh_Demo.framework in Frameworks */,
			);
			runOnlyForDeploymentPostprocessing = 0;
		};
/* End PBXFrameworksBuildPhase section */

/* Begin PBXGroup section */
		15B42B1645D6836F63409A56 /* Pods */ = {
			isa = PBXGroup;
			children = (
				BF6BC0D7A19B454002BE4590 /* Pods-Pull To Refresh Demo.debug.xcconfig */,
				7B487378FCBB92DCC128E71A /* Pods-Pull To Refresh Demo.release.xcconfig */,
			);
			path = Pods;
			sourceTree = "<group>";
		};
		98B20EF22B453D13005A0577 /* CollectionViewCell */ = {
			isa = PBXGroup;
			children = (
				98B20EF32B453D55005A0577 /* UserCollectionViewCell.swift */,
				98B20EF42B453D55005A0577 /* UserCollectionViewCell.xib */,
			);
			path = CollectionViewCell;
			sourceTree = "<group>";
		};
		ABCDCCE4F21A1C5F76CF9184 /* Frameworks */ = {
			isa = PBXGroup;
			children = (
				1CEC23AB2A6FD521CAD011E7 /* Pods_Pull_To_Refresh_Demo.framework */,
			);
			name = Frameworks;
			sourceTree = "<group>";
		};
		C0A2701525D5656700363622 /* PullToMakeSoup */ = {
			isa = PBXGroup;
			children = (
				C0A2701625D5656700363622 /* CAKeyframeAnimation+Extensions.swift */,
				C0A2701725D5656700363622 /* Resources */,
				C0A2701F25D5656700363622 /* PullToMakeSoup.swift */,
				C0A2702025D5656700363622 /* PocketSVG */,
			);
			path = PullToMakeSoup;
			sourceTree = "<group>";
		};
		C0A2701725D5656700363622 /* Resources */ = {
			isa = PBXGroup;
			children = (
				C0A2701825D5656700363622 /* CookingRefresher.xcassets */,
				C0A2701925D5656700363622 /* pea-from-left-path-only.svg */,
				C0A2701A25D5656700363622 /* carrot-path-only.svg */,
				C0A2701B25D5656700363622 /* SoupView.xib */,
				C0A2701C25D5656700363622 /* pea-from-right-path-only.svg */,
				C0A2701D25D5656700363622 /* potato-path-only.svg */,
				C0A2701E25D5656700363622 /* cover-path-only.svg */,
			);
			path = Resources;
			sourceTree = "<group>";
		};
		C0A2702025D5656700363622 /* PocketSVG */ = {
			isa = PBXGroup;
			children = (
				C0A2702125D5656700363622 /* PocketSVG.h */,
				C0A2702225D5656700363622 /* PocketSVG.m */,
				C0A2702325D5656700363622 /* PocketSVG+Extension.swift */,
				C0A2703525D568C000363622 /* Pull_To_Refresh_Demo-Bridging-Header.h */,
			);
			path = PocketSVG;
			sourceTree = "<group>";
		};
		C0C12E1B25D11D5200140363 = {
			isa = PBXGroup;
			children = (
				C0C12E2625D11D5300140363 /* Pull To Refresh Demo */,
				C0C12E2525D11D5300140363 /* Products */,
				15B42B1645D6836F63409A56 /* Pods */,
				ABCDCCE4F21A1C5F76CF9184 /* Frameworks */,
			);
			sourceTree = "<group>";
		};
		C0C12E2525D11D5300140363 /* Products */ = {
			isa = PBXGroup;
			children = (
				C0C12E2425D11D5300140363 /* Pull To Refresh Demo.app */,
			);
			name = Products;
			sourceTree = "<group>";
		};
		C0C12E2625D11D5300140363 /* Pull To Refresh Demo */ = {
			isa = PBXGroup;
			children = (
				C0FD98DB2977FFAD00420D64 /* Store */,
				C0C12EE625D153CD00140363 /* Customization */,
				C0C12E6125D11DDD00140363 /* Model */,
				C0C12E5D25D11DDA00140363 /* Cell */,
				C0C12E5225D11DD600140363 /* API */,
				C0C12E2725D11D5300140363 /* AppDelegate.swift */,
				C0C12E2925D11D5300140363 /* SceneDelegate.swift */,
				C0C12E6F25D11F5100140363 /* UsersViewController.swift */,
				C0FD98E029780A5000420D64 /* UsersViewModelController.swift */,
				C01A6B7C2A1363FD00A2D1D8 /* ProgrammaticUsersViewModelController.swift */,
				98B20EF72B4558CC005A0577 /* HorizontalCollectionViewController.swift */,
				C0C12E2D25D11D5300140363 /* Main.storyboard */,
				C0C12E3025D11D5300140363 /* Assets.xcassets */,
				C0C12E3225D11D5300140363 /* LaunchScreen.storyboard */,
				C0C12E3525D11D5300140363 /* Info.plist */,
			);
			path = "Pull To Refresh Demo";
			sourceTree = "<group>";
		};
		C0C12E5225D11DD600140363 /* API */ = {
			isa = PBXGroup;
			children = (
				C0C12E5325D11DD600140363 /* Sample Responses */,
				C0C12E5625D11DD600140363 /* IQAPIClient+User.swift */,
				C0C12E5725D11DD600140363 /* IQAPIClient+APIPath.swift */,
			);
			path = API;
			sourceTree = "<group>";
		};
		C0C12E5325D11DD600140363 /* Sample Responses */ = {
			isa = PBXGroup;
			children = (
				C0C12E5425D11DD600140363 /* Users.json */,
				C0C12E5525D11DD600140363 /* Colors.json */,
			);
			path = "Sample Responses";
			sourceTree = "<group>";
		};
		C0C12E5D25D11DDA00140363 /* Cell */ = {
			isa = PBXGroup;
			children = (
				98B20EF22B453D13005A0577 /* CollectionViewCell */,
				C0C12E5E25D11DDA00140363 /* UserCell.swift */,
				C0C12E9A25D1210700140363 /* UserCell.xib */,
			);
			path = Cell;
			sourceTree = "<group>";
		};
		C0C12E6125D11DDD00140363 /* Model */ = {
			isa = PBXGroup;
			children = (
				C0C12E6225D11DDD00140363 /* User.swift */,
			);
			path = Model;
			sourceTree = "<group>";
		};
		C0C12EE625D153CD00140363 /* Customization */ = {
			isa = PBXGroup;
			children = (
				C0A2701525D5656700363622 /* PullToMakeSoup */,
				C0C12EE725D153DB00140363 /* ProgressPullToRefresh.swift */,
				C0D1619A25D3B66C0045BF5C /* CustomPullToRefresh.swift */,
				C0B61D3025DE7C3E00D4F126 /* PreloadActivityIndicatorView.swift */,
			);
			path = Customization;
			sourceTree = "<group>";
		};
		C0FD98DB2977FFAD00420D64 /* Store */ = {
			isa = PBXGroup;
			children = (
				C0FD98DC2977FFBC00420D64 /* UsersStore.swift */,
			);
			path = Store;
			sourceTree = "<group>";
		};
/* End PBXGroup section */

/* Begin PBXNativeTarget section */
		C0C12E2325D11D5200140363 /* Pull To Refresh Demo */ = {
			isa = PBXNativeTarget;
			buildConfigurationList = C0C12E3825D11D5300140363 /* Build configuration list for PBXNativeTarget "Pull To Refresh Demo" */;
			buildPhases = (
				40EC963848E8725486D7AF49 /* [CP] Check Pods Manifest.lock */,
				C0C12E2025D11D5200140363 /* Sources */,
				C0C12E2125D11D5200140363 /* Frameworks */,
				C0C12E2225D11D5200140363 /* Resources */,
				C0F53DF729A39F1C001A90BF /* SwiftLint */,
				E3BBB18AE8D01FB895CA7732 /* [CP] Embed Pods Frameworks */,
			);
			buildRules = (
			);
			dependencies = (
			);
			name = "Pull To Refresh Demo";
			productName = "Pull To Refresh Demo";
			productReference = C0C12E2425D11D5300140363 /* Pull To Refresh Demo.app */;
			productType = "com.apple.product-type.application";
		};
/* End PBXNativeTarget section */

/* Begin PBXProject section */
		C0C12E1C25D11D5200140363 /* Project object */ = {
			isa = PBXProject;
			attributes = {
				BuildIndependentTargetsInParallel = YES;
				LastSwiftUpdateCheck = 1220;
				LastUpgradeCheck = 1430;
				TargetAttributes = {
					C0C12E2325D11D5200140363 = {
						CreatedOnToolsVersion = 12.2;
					};
				};
			};
			buildConfigurationList = C0C12E1F25D11D5200140363 /* Build configuration list for PBXProject "Pull To Refresh Demo" */;
			compatibilityVersion = "Xcode 9.3";
			developmentRegion = en;
			hasScannedForEncodings = 0;
			knownRegions = (
				en,
				Base,
			);
			mainGroup = C0C12E1B25D11D5200140363;
			productRefGroup = C0C12E2525D11D5300140363 /* Products */;
			projectDirPath = "";
			projectRoot = "";
			targets = (
				C0C12E2325D11D5200140363 /* Pull To Refresh Demo */,
			);
		};
/* End PBXProject section */

/* Begin PBXResourcesBuildPhase section */
		C0C12E2225D11D5200140363 /* Resources */ = {
			isa = PBXResourcesBuildPhase;
			buildActionMask = 2147483647;
			files = (
				C0A2702925D5656700363622 /* pea-from-right-path-only.svg in Resources */,
				C0C12E5825D11DD600140363 /* Users.json in Resources */,
				C0A2702625D5656700363622 /* pea-from-left-path-only.svg in Resources */,
				C0C12E5925D11DD600140363 /* Colors.json in Resources */,
				C0C12E9B25D1210700140363 /* UserCell.xib in Resources */,
				C0A2702525D5656700363622 /* CookingRefresher.xcassets in Resources */,
				C0A2702725D5656700363622 /* carrot-path-only.svg in Resources */,
				C0C12E3425D11D5300140363 /* LaunchScreen.storyboard in Resources */,
				C0A2702825D5656700363622 /* SoupView.xib in Resources */,
				98B20EF62B453D55005A0577 /* UserCollectionViewCell.xib in Resources */,
				C0C12E3125D11D5300140363 /* Assets.xcassets in Resources */,
				C0A2702A25D5656700363622 /* potato-path-only.svg in Resources */,
				C0A2702B25D5656700363622 /* cover-path-only.svg in Resources */,
				C0C12E2F25D11D5300140363 /* Main.storyboard in Resources */,
			);
			runOnlyForDeploymentPostprocessing = 0;
		};
/* End PBXResourcesBuildPhase section */

/* Begin PBXShellScriptBuildPhase section */
		40EC963848E8725486D7AF49 /* [CP] Check Pods Manifest.lock */ = {
			isa = PBXShellScriptBuildPhase;
			buildActionMask = 2147483647;
			files = (
			);
			inputFileListPaths = (
			);
			inputPaths = (
				"${PODS_PODFILE_DIR_PATH}/Podfile.lock",
				"${PODS_ROOT}/Manifest.lock",
			);
			name = "[CP] Check Pods Manifest.lock";
			outputFileListPaths = (
			);
			outputPaths = (
				"$(DERIVED_FILE_DIR)/Pods-Pull To Refresh Demo-checkManifestLockResult.txt",
			);
			runOnlyForDeploymentPostprocessing = 0;
			shellPath = /bin/sh;
			shellScript = "diff \"${PODS_PODFILE_DIR_PATH}/Podfile.lock\" \"${PODS_ROOT}/Manifest.lock\" > /dev/null\nif [ $? != 0 ] ; then\n    # print error to STDERR\n    echo \"error: The sandbox is not in sync with the Podfile.lock. Run 'pod install' or update your CocoaPods installation.\" >&2\n    exit 1\nfi\n# This output is used by Xcode 'outputs' to avoid re-running this script phase.\necho \"SUCCESS\" > \"${SCRIPT_OUTPUT_FILE_0}\"\n";
			showEnvVarsInLog = 0;
		};
		C0F53DF729A39F1C001A90BF /* SwiftLint */ = {
			isa = PBXShellScriptBuildPhase;
			buildActionMask = 2147483647;
			files = (
			);
			inputFileListPaths = (
			);
			inputPaths = (
			);
			name = SwiftLint;
			outputFileListPaths = (
			);
			outputPaths = (
			);
			runOnlyForDeploymentPostprocessing = 0;
			shellPath = /bin/sh;
			shellScript = "\"${PODS_ROOT}/SwiftLint/swiftlint\"\n";
		};
		E3BBB18AE8D01FB895CA7732 /* [CP] Embed Pods Frameworks */ = {
			isa = PBXShellScriptBuildPhase;
			buildActionMask = 2147483647;
			files = (
			);
			inputFileListPaths = (
				"${PODS_ROOT}/Target Support Files/Pods-Pull To Refresh Demo/Pods-Pull To Refresh Demo-frameworks-${CONFIGURATION}-input-files.xcfilelist",
			);
			name = "[CP] Embed Pods Frameworks";
			outputFileListPaths = (
				"${PODS_ROOT}/Target Support Files/Pods-Pull To Refresh Demo/Pods-Pull To Refresh Demo-frameworks-${CONFIGURATION}-output-files.xcfilelist",
			);
			runOnlyForDeploymentPostprocessing = 0;
			shellPath = /bin/sh;
			shellScript = "\"${PODS_ROOT}/Target Support Files/Pods-Pull To Refresh Demo/Pods-Pull To Refresh Demo-frameworks.sh\"\n";
			showEnvVarsInLog = 0;
		};
/* End PBXShellScriptBuildPhase section */

/* Begin PBXSourcesBuildPhase section */
		C0C12E2025D11D5200140363 /* Sources */ = {
			isa = PBXSourcesBuildPhase;
			buildActionMask = 2147483647;
			files = (
				C0FD98E129780A5000420D64 /* UsersViewModelController.swift in Sources */,
				98B20EF82B4558CC005A0577 /* HorizontalCollectionViewController.swift in Sources */,
				C0C12E5B25D11DD600140363 /* IQAPIClient+APIPath.swift in Sources */,
				C0A2702C25D5656700363622 /* PullToMakeSoup.swift in Sources */,
				C0C12E5F25D11DDA00140363 /* UserCell.swift in Sources */,
				C0C12E2825D11D5300140363 /* AppDelegate.swift in Sources */,
				C0A2702D25D5656700363622 /* PocketSVG.m in Sources */,
				C0A2702E25D5656700363622 /* PocketSVG+Extension.swift in Sources */,
				C0C12E5A25D11DD600140363 /* IQAPIClient+User.swift in Sources */,
				C0B61D3125DE7C3E00D4F126 /* PreloadActivityIndicatorView.swift in Sources */,
				C0C12E7025D11F5100140363 /* UsersViewController.swift in Sources */,
				C0C12E2A25D11D5300140363 /* SceneDelegate.swift in Sources */,
				C0A2702425D5656700363622 /* CAKeyframeAnimation+Extensions.swift in Sources */,
				98B20EF52B453D55005A0577 /* UserCollectionViewCell.swift in Sources */,
				C0C12EE825D153DB00140363 /* ProgressPullToRefresh.swift in Sources */,
				C0D1619B25D3B66C0045BF5C /* CustomPullToRefresh.swift in Sources */,
				C0FD98DD2977FFBC00420D64 /* UsersStore.swift in Sources */,
				C01A6B7D2A1363FD00A2D1D8 /* ProgrammaticUsersViewModelController.swift in Sources */,
				C0C12E6325D11DDD00140363 /* User.swift in Sources */,
			);
			runOnlyForDeploymentPostprocessing = 0;
		};
/* End PBXSourcesBuildPhase section */

/* Begin PBXVariantGroup section */
		C0C12E2D25D11D5300140363 /* Main.storyboard */ = {
			isa = PBXVariantGroup;
			children = (
				C0C12E2E25D11D5300140363 /* Base */,
			);
			name = Main.storyboard;
			sourceTree = "<group>";
		};
		C0C12E3225D11D5300140363 /* LaunchScreen.storyboard */ = {
			isa = PBXVariantGroup;
			children = (
				C0C12E3325D11D5300140363 /* Base */,
			);
			name = LaunchScreen.storyboard;
			sourceTree = "<group>";
		};
/* End PBXVariantGroup section */

/* Begin XCBuildConfiguration section */
		C0C12E3625D11D5300140363 /* Debug */ = {
			isa = XCBuildConfiguration;
			buildSettings = {
				ALWAYS_SEARCH_USER_PATHS = NO;
				CLANG_ANALYZER_NONNULL = YES;
				CLANG_ANALYZER_NUMBER_OBJECT_CONVERSION = YES_AGGRESSIVE;
				CLANG_CXX_LANGUAGE_STANDARD = "gnu++14";
				CLANG_CXX_LIBRARY = "libc++";
				CLANG_ENABLE_MODULES = YES;
				CLANG_ENABLE_OBJC_ARC = YES;
				CLANG_ENABLE_OBJC_WEAK = YES;
				CLANG_WARN_BLOCK_CAPTURE_AUTORELEASING = YES;
				CLANG_WARN_BOOL_CONVERSION = YES;
				CLANG_WARN_COMMA = YES;
				CLANG_WARN_CONSTANT_CONVERSION = YES;
				CLANG_WARN_DEPRECATED_OBJC_IMPLEMENTATIONS = YES;
				CLANG_WARN_DIRECT_OBJC_ISA_USAGE = YES_ERROR;
				CLANG_WARN_DOCUMENTATION_COMMENTS = YES;
				CLANG_WARN_EMPTY_BODY = YES;
				CLANG_WARN_ENUM_CONVERSION = YES;
				CLANG_WARN_INFINITE_RECURSION = YES;
				CLANG_WARN_INT_CONVERSION = YES;
				CLANG_WARN_NON_LITERAL_NULL_CONVERSION = YES;
				CLANG_WARN_OBJC_IMPLICIT_RETAIN_SELF = YES;
				CLANG_WARN_OBJC_LITERAL_CONVERSION = YES;
				CLANG_WARN_OBJC_ROOT_CLASS = YES_ERROR;
				CLANG_WARN_QUOTED_INCLUDE_IN_FRAMEWORK_HEADER = YES;
				CLANG_WARN_RANGE_LOOP_ANALYSIS = YES;
				CLANG_WARN_STRICT_PROTOTYPES = YES;
				CLANG_WARN_SUSPICIOUS_MOVE = YES;
				CLANG_WARN_UNGUARDED_AVAILABILITY = YES_AGGRESSIVE;
				CLANG_WARN_UNREACHABLE_CODE = YES;
				CLANG_WARN__DUPLICATE_METHOD_MATCH = YES;
				COPY_PHASE_STRIP = NO;
				DEBUG_INFORMATION_FORMAT = dwarf;
				ENABLE_STRICT_OBJC_MSGSEND = YES;
				ENABLE_TESTABILITY = YES;
				GCC_C_LANGUAGE_STANDARD = gnu11;
				GCC_DYNAMIC_NO_PIC = NO;
				GCC_NO_COMMON_BLOCKS = YES;
				GCC_OPTIMIZATION_LEVEL = 0;
				GCC_PREPROCESSOR_DEFINITIONS = (
					"DEBUG=1",
					"$(inherited)",
				);
				GCC_WARN_64_TO_32_BIT_CONVERSION = YES;
				GCC_WARN_ABOUT_RETURN_TYPE = YES_ERROR;
				GCC_WARN_UNDECLARED_SELECTOR = YES;
				GCC_WARN_UNINITIALIZED_AUTOS = YES_AGGRESSIVE;
				GCC_WARN_UNUSED_FUNCTION = YES;
				GCC_WARN_UNUSED_VARIABLE = YES;
				IPHONEOS_DEPLOYMENT_TARGET = 16.4;
				MTL_ENABLE_DEBUG_INFO = INCLUDE_SOURCE;
				MTL_FAST_MATH = YES;
				ONLY_ACTIVE_ARCH = YES;
				SDKROOT = iphoneos;
				SWIFT_ACTIVE_COMPILATION_CONDITIONS = DEBUG;
				SWIFT_OPTIMIZATION_LEVEL = "-Onone";
			};
			name = Debug;
		};
		C0C12E3725D11D5300140363 /* Release */ = {
			isa = XCBuildConfiguration;
			buildSettings = {
				ALWAYS_SEARCH_USER_PATHS = NO;
				CLANG_ANALYZER_NONNULL = YES;
				CLANG_ANALYZER_NUMBER_OBJECT_CONVERSION = YES_AGGRESSIVE;
				CLANG_CXX_LANGUAGE_STANDARD = "gnu++14";
				CLANG_CXX_LIBRARY = "libc++";
				CLANG_ENABLE_MODULES = YES;
				CLANG_ENABLE_OBJC_ARC = YES;
				CLANG_ENABLE_OBJC_WEAK = YES;
				CLANG_WARN_BLOCK_CAPTURE_AUTORELEASING = YES;
				CLANG_WARN_BOOL_CONVERSION = YES;
				CLANG_WARN_COMMA = YES;
				CLANG_WARN_CONSTANT_CONVERSION = YES;
				CLANG_WARN_DEPRECATED_OBJC_IMPLEMENTATIONS = YES;
				CLANG_WARN_DIRECT_OBJC_ISA_USAGE = YES_ERROR;
				CLANG_WARN_DOCUMENTATION_COMMENTS = YES;
				CLANG_WARN_EMPTY_BODY = YES;
				CLANG_WARN_ENUM_CONVERSION = YES;
				CLANG_WARN_INFINITE_RECURSION = YES;
				CLANG_WARN_INT_CONVERSION = YES;
				CLANG_WARN_NON_LITERAL_NULL_CONVERSION = YES;
				CLANG_WARN_OBJC_IMPLICIT_RETAIN_SELF = YES;
				CLANG_WARN_OBJC_LITERAL_CONVERSION = YES;
				CLANG_WARN_OBJC_ROOT_CLASS = YES_ERROR;
				CLANG_WARN_QUOTED_INCLUDE_IN_FRAMEWORK_HEADER = YES;
				CLANG_WARN_RANGE_LOOP_ANALYSIS = YES;
				CLANG_WARN_STRICT_PROTOTYPES = YES;
				CLANG_WARN_SUSPICIOUS_MOVE = YES;
				CLANG_WARN_UNGUARDED_AVAILABILITY = YES_AGGRESSIVE;
				CLANG_WARN_UNREACHABLE_CODE = YES;
				CLANG_WARN__DUPLICATE_METHOD_MATCH = YES;
				COPY_PHASE_STRIP = NO;
				DEBUG_INFORMATION_FORMAT = "dwarf-with-dsym";
				ENABLE_NS_ASSERTIONS = NO;
				ENABLE_STRICT_OBJC_MSGSEND = YES;
				GCC_C_LANGUAGE_STANDARD = gnu11;
				GCC_NO_COMMON_BLOCKS = YES;
				GCC_WARN_64_TO_32_BIT_CONVERSION = YES;
				GCC_WARN_ABOUT_RETURN_TYPE = YES_ERROR;
				GCC_WARN_UNDECLARED_SELECTOR = YES;
				GCC_WARN_UNINITIALIZED_AUTOS = YES_AGGRESSIVE;
				GCC_WARN_UNUSED_FUNCTION = YES;
				GCC_WARN_UNUSED_VARIABLE = YES;
				IPHONEOS_DEPLOYMENT_TARGET = 16.4;
				MTL_ENABLE_DEBUG_INFO = NO;
				MTL_FAST_MATH = YES;
				SDKROOT = iphoneos;
				SWIFT_COMPILATION_MODE = wholemodule;
				SWIFT_OPTIMIZATION_LEVEL = "-O";
				VALIDATE_PRODUCT = YES;
			};
			name = Release;
		};
		C0C12E3925D11D5300140363 /* Debug */ = {
			isa = XCBuildConfiguration;
			baseConfigurationReference = BF6BC0D7A19B454002BE4590 /* Pods-Pull To Refresh Demo.debug.xcconfig */;
			buildSettings = {
				ASSETCATALOG_COMPILER_APPICON_NAME = AppIcon;
				ASSETCATALOG_COMPILER_GLOBAL_ACCENT_COLOR_NAME = AccentColor;
				CLANG_MODULES_AUTOLINK = NO;
				CODE_SIGN_IDENTITY = "iPhone Developer";
				CODE_SIGN_STYLE = Manual;
				DEVELOPMENT_TEAM = 7UUTF6T5P9;
				INFOPLIST_FILE = "Pull To Refresh Demo/Info.plist";
				IPHONEOS_DEPLOYMENT_TARGET = 13.0;
				LD_RUNPATH_SEARCH_PATHS = (
					"$(inherited)",
					"@executable_path/Frameworks",
				);
				MARKETING_VERSION = 2.1.1;
				PRODUCT_BUNDLE_IDENTIFIER = com.infoenumapps.pulltorefresh;
				PRODUCT_NAME = "$(TARGET_NAME)";
				PROVISIONING_PROFILE_SPECIFIER = infoenumapps;
				SWIFT_OBJC_BRIDGING_HEADER = "$(SWIFT_MODULE_NAME)-Bridging-Header.h";
				SWIFT_VERSION = 5.0;
				TARGETED_DEVICE_FAMILY = "1,2";
			};
			name = Debug;
		};
		C0C12E3A25D11D5300140363 /* Release */ = {
			isa = XCBuildConfiguration;
			baseConfigurationReference = 7B487378FCBB92DCC128E71A /* Pods-Pull To Refresh Demo.release.xcconfig */;
			buildSettings = {
				ASSETCATALOG_COMPILER_APPICON_NAME = AppIcon;
				ASSETCATALOG_COMPILER_GLOBAL_ACCENT_COLOR_NAME = AccentColor;
				CLANG_MODULES_AUTOLINK = NO;
				CODE_SIGN_IDENTITY = "iPhone Developer";
				CODE_SIGN_STYLE = Manual;
				DEVELOPMENT_TEAM = 7UUTF6T5P9;
				INFOPLIST_FILE = "Pull To Refresh Demo/Info.plist";
				IPHONEOS_DEPLOYMENT_TARGET = 13.0;
				LD_RUNPATH_SEARCH_PATHS = (
					"$(inherited)",
					"@executable_path/Frameworks",
				);
				MARKETING_VERSION = 2.1.1;
				PRODUCT_BUNDLE_IDENTIFIER = com.infoenumapps.pulltorefresh;
				PRODUCT_NAME = "$(TARGET_NAME)";
				PROVISIONING_PROFILE_SPECIFIER = infoenumapps;
				SWIFT_OBJC_BRIDGING_HEADER = "$(SWIFT_MODULE_NAME)-Bridging-Header.h";
				SWIFT_VERSION = 5.0;
				TARGETED_DEVICE_FAMILY = "1,2";
			};
			name = Release;
		};
/* End XCBuildConfiguration section */

/* Begin XCConfigurationList section */
		C0C12E1F25D11D5200140363 /* Build configuration list for PBXProject "Pull To Refresh Demo" */ = {
			isa = XCConfigurationList;
			buildConfigurations = (
				C0C12E3625D11D5300140363 /* Debug */,
				C0C12E3725D11D5300140363 /* Release */,
			);
			defaultConfigurationIsVisible = 0;
			defaultConfigurationName = Release;
		};
		C0C12E3825D11D5300140363 /* Build configuration list for PBXNativeTarget "Pull To Refresh Demo" */ = {
			isa = XCConfigurationList;
			buildConfigurations = (
				C0C12E3925D11D5300140363 /* Debug */,
				C0C12E3A25D11D5300140363 /* Release */,
			);
			defaultConfigurationIsVisible = 0;
			defaultConfigurationName = Release;
		};
/* End XCConfigurationList section */
	};
	rootObject = C0C12E1C25D11D5200140363 /* Project object */;
}
